<?xml version="1.0" encoding="utf-8"?>
<Project ToolsVersion="4.0" xmlns="http://schemas.microsoft.com/developer/msbuild/2003">
  <ItemGroup>
    <Filter Include="소스 파일">
      <UniqueIdentifier>{4FC737F1-C7A5-4376-A066-2A32D752A2FF}</UniqueIdentifier>
      <Extensions>cpp;c;cc;cxx;def;odl;idl;hpj;bat;asm;asmx</Extensions>
    </Filter>
    <Filter Include="헤더 파일">
      <UniqueIdentifier>{93995380-89BD-4b04-88EB-625FBE52EBFB}</UniqueIdentifier>
      <Extensions>h;hh;hpp;hxx;hm;inl;inc;xsd</Extensions>
    </Filter>
    <Filter Include="리소스 파일">
      <UniqueIdentifier>{67DA6AB6-F800-4c08-8B7A-83BB121AAD01}</UniqueIdentifier>
      <Extensions>rc;ico;cur;bmp;dlg;rc2;rct;bin;rgs;gif;jpg;jpeg;jpe;resx;tiff;tif;png;wav;mfcribbon-ms</Extensions>
    </Filter>
    <Filter Include="소스 파일\Unit 34">
      <UniqueIdentifier>{84470263-36b3-4d94-a4cf-129b72704a8b}</UniqueIdentifier>
    </Filter>
    <Filter Include="소스 파일\Unit 35">
      <UniqueIdentifier>{03be0a1c-9b3b-456e-ab76-9d41d82284af}</UniqueIdentifier>
    </Filter>
    <Filter Include="소스 파일\Unit 36">
      <UniqueIdentifier>{0c039916-9418-4ef9-9528-55181e8db2f8}</UniqueIdentifier>
    </Filter>
    <Filter Include="소스 파일\Unit 23">
      <UniqueIdentifier>{87e1b5d7-047d-4bc5-bc84-68b1247f6a71}</UniqueIdentifier>
    </Filter>
    <Filter Include="소스 파일\Unit 6">
      <UniqueIdentifier>{a957a217-e582-4eef-ad33-f84e259a6d39}</UniqueIdentifier>
    </Filter>
    <Filter Include="소스 파일\Unit 37">
      <UniqueIdentifier>{89e89279-0afb-4d77-b2b0-f91c34d7a332}</UniqueIdentifier>
    </Filter>
    <Filter Include="소스 파일\Unit 38">
      <UniqueIdentifier>{23895d39-f231-4791-b575-a4c13349d63b}</UniqueIdentifier>
    </Filter>
    <Filter Include="소스 파일\Unit 39">
      <UniqueIdentifier>{cfabd7f1-003d-49a8-9af0-ce622eb803ac}</UniqueIdentifier>
    </Filter>
    <Filter Include="소스 파일\Unit 40">
      <UniqueIdentifier>{00ad9be5-1c0d-43cc-a233-2f3747c319a7}</UniqueIdentifier>
    </Filter>
    <Filter Include="소스 파일\Unit 48">
      <UniqueIdentifier>{a32e8707-b2db-4921-9172-db4bafb75372}</UniqueIdentifier>
    </Filter>
    <Filter Include="소스 파일\Unit 49">
      <UniqueIdentifier>{47265fbc-16e1-4caa-a28f-ca4f1b35ab64}</UniqueIdentifier>
    </Filter>
    <Filter Include="소스 파일\Unit 50">
      <UniqueIdentifier>{a09c8c43-4e4a-4c89-9750-4d95c687bebc}</UniqueIdentifier>
    </Filter>
    <Filter Include="소스 파일\Unit 51">
      <UniqueIdentifier>{8ed926f7-a219-40e9-b390-e40d8cca995f}</UniqueIdentifier>
    </Filter>
    <Filter Include="소스 파일\Unit 52">
      <UniqueIdentifier>{6e094b55-c4c4-48a5-b73e-dad5c3b4224a}</UniqueIdentifier>
    </Filter>
    <Filter Include="소스 파일\Unit 53">
      <UniqueIdentifier>{8def7310-3df7-4de3-8772-244aa18c0df0}</UniqueIdentifier>
    </Filter>
    <Filter Include="소스 파일\Unit 54">
      <UniqueIdentifier>{028ce44c-c5bc-43e5-85c1-fe802a3de17d}</UniqueIdentifier>
    </Filter>
    <Filter Include="소스 파일\Unit 75">
      <UniqueIdentifier>{51d20e2e-b982-4e0e-b277-a62cdc79fcdc}</UniqueIdentifier>
    </Filter>
    <Filter Include="소스 파일\Unit 55">
      <UniqueIdentifier>{2cf4cc77-1de0-4dc9-add0-eb4e851267d0}</UniqueIdentifier>
    </Filter>
    <Filter Include="소스 파일\Unit 56">
      <UniqueIdentifier>{6c82a4bd-a01f-4073-b848-0c9860766e02}</UniqueIdentifier>
    </Filter>
    <Filter Include="소스 파일\Unit 70">
      <UniqueIdentifier>{f7903ebd-c72f-4f15-859e-8ad50a3b6159}</UniqueIdentifier>
    </Filter>
    <Filter Include="소스 파일\Unit 71">
      <UniqueIdentifier>{22a0c1df-ced7-46b9-a084-891a7bcfefc4}</UniqueIdentifier>
    </Filter>
    <Filter Include="소스 파일\Unit 72">
      <UniqueIdentifier>{d2b6372b-7329-431f-957d-cb1028a15d6c}</UniqueIdentifier>
    </Filter>
    <Filter Include="소스 파일\Unit 76">
      <UniqueIdentifier>{14a42896-abb4-4db2-a663-0083bb7915cb}</UniqueIdentifier>
    </Filter>
  </ItemGroup>
  <ItemGroup>
    <ClCompile Include="address.c">
      <Filter>소스 파일\Unit 34</Filter>
    </ClCompile>
    <ClCompile Include="pointer.c">
      <Filter>소스 파일\Unit 34</Filter>
    </ClCompile>
    <ClCompile Include="dereference.c">
      <Filter>소스 파일\Unit 34</Filter>
    </ClCompile>
    <ClCompile Include="dereference_assign.c">
      <Filter>소스 파일\Unit 34</Filter>
    </ClCompile>
    <ClCompile Include="pointer_type.c">
      <Filter>소스 파일\Unit 34</Filter>
    </ClCompile>
    <ClCompile Include="void_pointer.c">
      <Filter>소스 파일\Unit 34</Filter>
    </ClCompile>
    <ClCompile Include="double_pointer.c">
      <Filter>소스 파일\Unit 34</Filter>
    </ClCompile>
    <ClCompile Include="invalid_pointer.c">
      <Filter>소스 파일\Unit 34</Filter>
    </ClCompile>
    <ClCompile Include="practice_pointer.c">
      <Filter>소스 파일\Unit 34</Filter>
    </ClCompile>
    <ClCompile Include="judge_pointer.c">
      <Filter>소스 파일\Unit 34</Filter>
    </ClCompile>
    <ClCompile Include="memory_alloc.c">
      <Filter>소스 파일\Unit 35</Filter>
    </ClCompile>
    <ClCompile Include="memory_dereference.c">
      <Filter>소스 파일\Unit 35</Filter>
    </ClCompile>
    <ClCompile Include="memory_set.c">
      <Filter>소스 파일\Unit 35</Filter>
    </ClCompile>
    <ClCompile Include="null_pointer.c">
      <Filter>소스 파일\Unit 35</Filter>
    </ClCompile>
    <ClCompile Include="practice_memory_alloc.c">
      <Filter>소스 파일\Unit 35</Filter>
    </ClCompile>
    <ClCompile Include="judge_add_two_integer.c">
      <Filter>소스 파일\Unit 35</Filter>
    </ClCompile>
    <ClCompile Include="pointer_to_array.c">
      <Filter>소스 파일\Unit 36</Filter>
    </ClCompile>
    <ClCompile Include="practice_average_of_scores.c">
      <Filter>소스 파일\Unit 36</Filter>
    </ClCompile>
    <ClCompile Include="practice_convert_binary_to_decimal.c">
      <Filter>소스 파일\Unit 36</Filter>
    </ClCompile>
    <ClCompile Include="bitwise_and_or_xor_operator.c">
      <Filter>소스 파일\Unit 23</Filter>
    </ClCompile>
    <ClCompile Include="bitwise_not_operator.c">
      <Filter>소스 파일\Unit 23</Filter>
    </ClCompile>
    <ClCompile Include="bitwise_shift_operator.c">
      <Filter>소스 파일\Unit 23</Filter>
    </ClCompile>
    <ClCompile Include="bitwise_assgin.c">
      <Filter>소스 파일\Unit 23</Filter>
    </ClCompile>
    <ClCompile Include="practice_bitwise_logical_operator.c">
      <Filter>소스 파일\Unit 23</Filter>
    </ClCompile>
    <ClCompile Include="practice_bitwise_shift_operator.c">
      <Filter>소스 파일\Unit 23</Filter>
    </ClCompile>
    <ClCompile Include="bitwise_shift_overflow.c">
      <Filter>소스 파일\Unit 23</Filter>
    </ClCompile>
    <ClCompile Include="convert_decimal_binary.c">
      <Filter>소스 파일\Unit 36</Filter>
    </ClCompile>
    <ClCompile Include="judge_smallest_number.c">
      <Filter>소스 파일\Unit 36</Filter>
    </ClCompile>
    <ClCompile Include="judge_bitwise_logical_operator.c">
      <Filter>소스 파일\Unit 23</Filter>
    </ClCompile>
    <ClCompile Include="judge_bitwise_shift_operator.c">
      <Filter>소스 파일\Unit 23</Filter>
    </ClCompile>
    <ClCompile Include="bitwise_shift_power_of_two.c">
      <Filter>소스 파일\Unit 23</Filter>
    </ClCompile>
    <ClCompile Include="bitwise_right_shift_signed_unsigned.c">
      <Filter>소스 파일\Unit 23</Filter>
    </ClCompile>
    <ClCompile Include="bitwise_right_shift_signed.c">
      <Filter>소스 파일\Unit 23</Filter>
    </ClCompile>
    <ClCompile Include="bitwise_left_shift_signed.c">
      <Filter>소스 파일\Unit 23</Filter>
    </ClCompile>
    <ClCompile Include="bitwise_flag_on.c">
      <Filter>소스 파일\Unit 23</Filter>
    </ClCompile>
    <ClCompile Include="bitwise_flag_off.c">
      <Filter>소스 파일\Unit 23</Filter>
    </ClCompile>
    <ClCompile Include="bitwise_flag_toggle.c">
      <Filter>소스 파일\Unit 23</Filter>
    </ClCompile>
    <ClCompile Include="practice_bitwise_flag.c">
      <Filter>소스 파일\Unit 23</Filter>
    </ClCompile>
    <ClCompile Include="judge_bitwise_flag.c">
      <Filter>소스 파일\Unit 23</Filter>
    </ClCompile>
    <ClCompile Include="integer.c">
      <Filter>소스 파일\Unit 6</Filter>
    </ClCompile>
    <ClCompile Include="two_dimensional_array.c">
      <Filter>소스 파일\Unit 37</Filter>
    </ClCompile>
    <ClCompile Include="two_dimensional_array_init.c">
      <Filter>소스 파일\Unit 37</Filter>
    </ClCompile>
    <ClCompile Include="two_dimensional_array_assign.c">
      <Filter>소스 파일\Unit 37</Filter>
    </ClCompile>
    <ClCompile Include="two_dimensional_array_invaild_index.c">
      <Filter>소스 파일\Unit 37</Filter>
    </ClCompile>
    <ClCompile Include="two_dimensional_array_size.c">
      <Filter>소스 파일\Unit 37</Filter>
    </ClCompile>
    <ClCompile Include="two_dimensional_array_for.c">
      <Filter>소스 파일\Unit 37</Filter>
    </ClCompile>
    <ClCompile Include="two_dimensional_array_for_reverse.c">
      <Filter>소스 파일\Unit 37</Filter>
    </ClCompile>
    <ClCompile Include="pointer_to_two_dimensional_array.c">
      <Filter>소스 파일\Unit 37</Filter>
    </ClCompile>
    <ClCompile Include="practice_principal_diagonal_of_matrix.c">
      <Filter>소스 파일\Unit 37</Filter>
    </ClCompile>
    <ClCompile Include="pointer_to_three_dimensional_array.c">
      <Filter>소스 파일\Unit 37</Filter>
    </ClCompile>
    <ClCompile Include="judge_transpose_of_matrix.c">
      <Filter>소스 파일\Unit 37</Filter>
    </ClCompile>
    <ClCompile Include="variable_length_array.c">
      <Filter>소스 파일\Unit 38</Filter>
    </ClCompile>
    <ClCompile Include="pointer_like_array.c">
      <Filter>소스 파일\Unit 38</Filter>
    </ClCompile>
    <ClCompile Include="pointer_scanf_like_array.c">
      <Filter>소스 파일\Unit 38</Filter>
    </ClCompile>
    <ClCompile Include="pointer_like_two_dimensional_array.c">
      <Filter>소스 파일\Unit 38</Filter>
    </ClCompile>
    <ClCompile Include="pointer_scanf_like_two_dimensional_array.c">
      <Filter>소스 파일\Unit 38</Filter>
    </ClCompile>
    <ClCompile Include="practice_pointer_like_three_dimensional_array.c">
      <Filter>소스 파일\Unit 38</Filter>
    </ClCompile>
    <ClCompile Include="judge_identity_matrix.c">
      <Filter>소스 파일\Unit 38</Filter>
    </ClCompile>
    <ClCompile Include="judge_minesweeper.c">
      <Filter>소스 파일\Unit 38</Filter>
    </ClCompile>
    <ClCompile Include="string_pointer.c">
      <Filter>소스 파일\Unit 39</Filter>
    </ClCompile>
    <ClCompile Include="string_pointer_element.c">
      <Filter>소스 파일\Unit 39</Filter>
    </ClCompile>
    <ClCompile Include="string_pointer_element_assign_error.c">
      <Filter>소스 파일\Unit 39</Filter>
    </ClCompile>
    <ClCompile Include="string_array.c">
      <Filter>소스 파일\Unit 39</Filter>
    </ClCompile>
    <ClCompile Include="string_array_assign_error.c">
      <Filter>소스 파일\Unit 39</Filter>
    </ClCompile>
    <ClCompile Include="string_array_omit_size.c">
      <Filter>소스 파일\Unit 39</Filter>
    </ClCompile>
    <ClCompile Include="string_array_element.c">
      <Filter>소스 파일\Unit 39</Filter>
    </ClCompile>
    <ClCompile Include="string_array_element_assign.c">
      <Filter>소스 파일\Unit 39</Filter>
    </ClCompile>
    <ClCompile Include="practice_string.c">
      <Filter>소스 파일\Unit 39</Filter>
    </ClCompile>
    <ClCompile Include="practice_string_array_element.c">
      <Filter>소스 파일\Unit 39</Filter>
    </ClCompile>
    <ClCompile Include="judge_string.c">
      <Filter>소스 파일\Unit 39</Filter>
    </ClCompile>
    <ClCompile Include="scanf_string_array.c">
      <Filter>소스 파일\Unit 40</Filter>
    </ClCompile>
    <ClCompile Include="scanf_string_with_space.c">
      <Filter>소스 파일\Unit 40</Filter>
    </ClCompile>
    <ClCompile Include="scanf_string_pointer_error.c">
      <Filter>소스 파일\Unit 40</Filter>
    </ClCompile>
    <ClCompile Include="scanf_string_pointer_memory.c">
      <Filter>소스 파일\Unit 40</Filter>
    </ClCompile>
    <ClCompile Include="scanf_two_string_array.c">
      <Filter>소스 파일\Unit 40</Filter>
    </ClCompile>
    <ClCompile Include="practice_scanf_string_array.c">
      <Filter>소스 파일\Unit 40</Filter>
    </ClCompile>
    <ClCompile Include="judge_scanf_four_array.c">
      <Filter>소스 파일\Unit 40</Filter>
    </ClCompile>
    <ClCompile Include="struct.c">
      <Filter>소스 파일\Unit 48</Filter>
    </ClCompile>
    <ClCompile Include="struct_variable.c">
      <Filter>소스 파일\Unit 48</Filter>
    </ClCompile>
    <ClCompile Include="struct_init.c">
      <Filter>소스 파일\Unit 48</Filter>
    </ClCompile>
    <ClCompile Include="typedef_struct.c">
      <Filter>소스 파일\Unit 48</Filter>
    </ClCompile>
    <ClCompile Include="typedef.c">
      <Filter>소스 파일\Unit 48</Filter>
    </ClCompile>
    <ClCompile Include="anonymous_struct.c">
      <Filter>소스 파일\Unit 48</Filter>
    </ClCompile>
    <ClCompile Include="practice_struct.c">
      <Filter>소스 파일\Unit 48</Filter>
    </ClCompile>
    <ClCompile Include="practice_typedef_struct.c">
      <Filter>소스 파일\Unit 48</Filter>
    </ClCompile>
    <ClCompile Include="practice_anonymous_struct.c">
      <Filter>소스 파일\Unit 48</Filter>
    </ClCompile>
    <ClCompile Include="judge_declare_struct_dashboard.c">
      <Filter>소스 파일\Unit 48</Filter>
    </ClCompile>
    <ClCompile Include="judge_define_struct_dashboard.c">
      <Filter>소스 파일\Unit 48</Filter>
    </ClCompile>
    <ClCompile Include="struct_alloc_memory.c">
      <Filter>소스 파일\Unit 49</Filter>
    </ClCompile>
    <ClCompile Include="struct_member_dereference.c">
      <Filter>소스 파일\Unit 49</Filter>
    </ClCompile>
    <ClCompile Include="typedef_struct_alloc_memory.c">
      <Filter>소스 파일\Unit 49</Filter>
    </ClCompile>
    <ClCompile Include="anonymous_struct_alloc_memory.c">
      <Filter>소스 파일\Unit 49</Filter>
    </ClCompile>
    <ClCompile Include="pointer_to_struct.c">
      <Filter>소스 파일\Unit 49</Filter>
    </ClCompile>
    <ClCompile Include="practice_struct_alloc_memory.c">
      <Filter>소스 파일\Unit 49</Filter>
    </ClCompile>
    <ClCompile Include="practice_typedef_struct_alloc_memory.c">
      <Filter>소스 파일\Unit 49</Filter>
    </ClCompile>
    <ClCompile Include="practice_pointer_to_struct.c">
      <Filter>소스 파일\Unit 49</Filter>
    </ClCompile>
    <ClCompile Include="judge_struct_alloc_memory.c">
      <Filter>소스 파일\Unit 49</Filter>
    </ClCompile>
    <ClCompile Include="judge_pointer_to_struct.c">
      <Filter>소스 파일\Unit 49</Filter>
    </ClCompile>
    <ClCompile Include="two_point.c">
      <Filter>소스 파일\Unit 50</Filter>
    </ClCompile>
    <ClCompile Include="two_point_distance.c">
      <Filter>소스 파일\Unit 50</Filter>
    </ClCompile>
    <ClCompile Include="practice_area_of_rectangle.c">
      <Filter>소스 파일\Unit 50</Filter>
    </ClCompile>
    <ClCompile Include="judge_two_point_distance.c">
      <Filter>소스 파일\Unit 50</Filter>
    </ClCompile>
    <ClCompile Include="struct_sizeof.c">
      <Filter>소스 파일\Unit 51</Filter>
    </ClCompile>
    <ClCompile Include="struct_offset.c">
      <Filter>소스 파일\Unit 51</Filter>
    </ClCompile>
    <ClCompile Include="struct_align.c">
      <Filter>소스 파일\Unit 51</Filter>
    </ClCompile>
    <ClCompile Include="struct_align_offset.c">
      <Filter>소스 파일\Unit 51</Filter>
    </ClCompile>
    <ClCompile Include="practice_struct_sizeof.c">
      <Filter>소스 파일\Unit 51</Filter>
    </ClCompile>
    <ClCompile Include="practice_struct_align.c">
      <Filter>소스 파일\Unit 51</Filter>
    </ClCompile>
    <ClCompile Include="judge_struct_sizeof.c">
      <Filter>소스 파일\Unit 51</Filter>
    </ClCompile>
    <ClCompile Include="judge_struct_align.c">
      <Filter>소스 파일\Unit 51</Filter>
    </ClCompile>
    <ClCompile Include="struct_variable_memory_set.c">
      <Filter>소스 파일\Unit 52</Filter>
    </ClCompile>
    <ClCompile Include="struct_pointer_memory_set.c">
      <Filter>소스 파일\Unit 52</Filter>
    </ClCompile>
    <ClCompile Include="struct_variable_memory_copy.c">
      <Filter>소스 파일\Unit 52</Filter>
    </ClCompile>
    <ClCompile Include="struct_pointer_memory_copy.c">
      <Filter>소스 파일\Unit 52</Filter>
    </ClCompile>
    <ClCompile Include="practice_struct_memory_set.c">
      <Filter>소스 파일\Unit 52</Filter>
    </ClCompile>
    <ClCompile Include="practice_struct_memory_copy.c">
      <Filter>소스 파일\Unit 52</Filter>
    </ClCompile>
    <ClCompile Include="judge_struct_memory_set.c">
      <Filter>소스 파일\Unit 52</Filter>
    </ClCompile>
    <ClCompile Include="judge_struct_memory_copy.c">
      <Filter>소스 파일\Unit 52</Filter>
    </ClCompile>
    <ClCompile Include="struct_array.c">
      <Filter>소스 파일\Unit 53</Filter>
    </ClCompile>
    <ClCompile Include="struct_array_init.c">
      <Filter>소스 파일\Unit 53</Filter>
    </ClCompile>
    <ClCompile Include="struct_pointer_array.c">
      <Filter>소스 파일\Unit 53</Filter>
    </ClCompile>
    <ClCompile Include="practice_struct_array.c">
      <Filter>소스 파일\Unit 53</Filter>
    </ClCompile>
    <ClCompile Include="practice_struct_pointer_array.c">
      <Filter>소스 파일\Unit 53</Filter>
    </ClCompile>
    <ClCompile Include="judge_line_length.c">
      <Filter>소스 파일\Unit 53</Filter>
    </ClCompile>
    <ClCompile Include="judge_oldest.c">
      <Filter>소스 파일\Unit 53</Filter>
    </ClCompile>
    <ClCompile Include="size_t.c">
      <Filter>소스 파일\Unit 53</Filter>
    </ClCompile>
    <ClCompile Include="union.c">
      <Filter>소스 파일\Unit 54</Filter>
    </ClCompile>
    <ClCompile Include="union_endian.c">
      <Filter>소스 파일\Unit 54</Filter>
    </ClCompile>
    <ClCompile Include="array.c">
      <Filter>소스 파일\Unit 75</Filter>
    </ClCompile>
    <ClCompile Include="define_macro.c">
      <Filter>소스 파일\Unit 75</Filter>
    </ClCompile>
    <ClCompile Include="undefine_macro.c">
      <Filter>소스 파일\Unit 75</Filter>
    </ClCompile>
    <ClCompile Include="macro_function.c">
      <Filter>소스 파일\Unit 75</Filter>
    </ClCompile>
    <ClCompile Include="macro_function_multiline.c">
      <Filter>소스 파일\Unit 75</Filter>
    </ClCompile>
    <ClCompile Include="macro_function_multiline_if.c">
      <Filter>소스 파일\Unit 75</Filter>
    </ClCompile>
    <ClCompile Include="typedef_union.c">
      <Filter>소스 파일\Unit 54</Filter>
    </ClCompile>
    <ClCompile Include="typedef_anonymous_union.c">
      <Filter>소스 파일\Unit 54</Filter>
    </ClCompile>
    <ClCompile Include="union_variable.c">
      <Filter>소스 파일\Unit 54</Filter>
    </ClCompile>
    <ClCompile Include="union_alloc_memory.c">
      <Filter>소스 파일\Unit 54</Filter>
    </ClCompile>
    <ClCompile Include="typedef_union_alloc_memory.c">
      <Filter>소스 파일\Unit 54</Filter>
    </ClCompile>
    <ClCompile Include="pointer_to_union.c">
      <Filter>소스 파일\Unit 54</Filter>
    </ClCompile>
    <ClCompile Include="practice_union.c">
      <Filter>소스 파일\Unit 54</Filter>
    </ClCompile>
    <ClCompile Include="practice_union_alloc_memory.c">
      <Filter>소스 파일\Unit 54</Filter>
    </ClCompile>
    <ClCompile Include="judge_union.c">
      <Filter>소스 파일\Unit 54</Filter>
    </ClCompile>
    <ClCompile Include="judge_union_alloc_memory.c">
      <Filter>소스 파일\Unit 54</Filter>
    </ClCompile>
    <ClCompile Include="swap_macro.c">
      <Filter>소스 파일\Unit 75</Filter>
    </ClCompile>
    <ClCompile Include="macro_operator_precedence_wrong.c">
      <Filter>소스 파일\Unit 75</Filter>
    </ClCompile>
    <ClCompile Include="macro_operator_precedence.c">
      <Filter>소스 파일\Unit 75</Filter>
    </ClCompile>
    <ClCompile Include="macro_concatenation.c">
      <Filter>소스 파일\Unit 75</Filter>
    </ClCompile>
    <ClCompile Include="macro_concatenation_function_call.c">
      <Filter>소스 파일\Unit 75</Filter>
    </ClCompile>
    <ClCompile Include="practice_define_macro.c">
      <Filter>소스 파일\Unit 75</Filter>
    </ClCompile>
    <ClCompile Include="practice_init_struct_macro.c">
      <Filter>소스 파일\Unit 75</Filter>
    </ClCompile>
    <ClCompile Include="judge_rgb_macro.c">
      <Filter>소스 파일\Unit 75</Filter>
    </ClCompile>
    <ClCompile Include="judge_array_size_macro.c">
      <Filter>소스 파일\Unit 75</Filter>
    </ClCompile>
    <ClCompile Include="struct_variable_in_struct.c">
      <Filter>소스 파일\Unit 55</Filter>
    </ClCompile>
    <ClCompile Include="struct_variable_in_struct_init.c">
      <Filter>소스 파일\Unit 55</Filter>
    </ClCompile>
    <ClCompile Include="struct_variable_in_struct_alloc_memory.c">
      <Filter>소스 파일\Unit 55</Filter>
    </ClCompile>
    <ClCompile Include="struct_pointer_in_struct_alloc.memory.c">
      <Filter>소스 파일\Unit 55</Filter>
    </ClCompile>
    <ClCompile Include="struct_forward_declaration.c">
      <Filter>소스 파일\Unit 55</Filter>
    </ClCompile>
    <ClCompile Include="anonymous_struct_union.c">
      <Filter>소스 파일\Unit 55</Filter>
    </ClCompile>
    <ClCompile Include="practice_define_struct_champion.c">
      <Filter>소스 파일\Unit 55</Filter>
    </ClCompile>
    <ClCompile Include="practice_declare_struct_champion.c">
      <Filter>소스 파일\Unit 55</Filter>
    </ClCompile>
    <ClCompile Include="practice_define_struct_device_option.c">
      <Filter>소스 파일\Unit 55</Filter>
    </ClCompile>
    <ClCompile Include="judge_declare_struct_champion.c">
      <Filter>소스 파일\Unit 55</Filter>
    </ClCompile>
    <ClCompile Include="judge_alloc_memory_struct_champion.c">
      <Filter>소스 파일\Unit 55</Filter>
    </ClCompile>
    <ClCompile Include="judge_define_struct_device_option.c">
      <Filter>소스 파일\Unit 55</Filter>
    </ClCompile>
    <ClCompile Include="struct_bit_field.c">
      <Filter>소스 파일\Unit 56</Filter>
    </ClCompile>
    <ClCompile Include="struct_bit_field_sizeof.c">
      <Filter>소스 파일\Unit 56</Filter>
    </ClCompile>
    <ClCompile Include="struct_union_bit_field.c">
      <Filter>소스 파일\Unit 56</Filter>
    </ClCompile>
    <ClCompile Include="practice_struct_bit_field.c">
      <Filter>소스 파일\Unit 56</Filter>
    </ClCompile>
    <ClCompile Include="practice_struct_union_bit_field.c">
      <Filter>소스 파일\Unit 56</Filter>
    </ClCompile>
    <ClCompile Include="judge_struct_bit_field.c">
      <Filter>소스 파일\Unit 56</Filter>
    </ClCompile>
    <ClCompile Include="judge_struct_union_bit_field.c">
      <Filter>소스 파일\Unit 56</Filter>
    </ClCompile>
    <ClCompile Include="file_write_format.c">
      <Filter>소스 파일\Unit 70</Filter>
    </ClCompile>
    <ClCompile Include="file_read_format.c">
      <Filter>소스 파일\Unit 70</Filter>
    </ClCompile>
    <ClCompile Include="file_put_string.c">
      <Filter>소스 파일\Unit 70</Filter>
    </ClCompile>
    <ClCompile Include="file_wrtie_string.c">
      <Filter>소스 파일\Unit 70</Filter>
    </ClCompile>
    <ClCompile Include="file_get_string.c">
      <Filter>소스 파일\Unit 70</Filter>
    </ClCompile>
    <ClCompile Include="file_read_string.c">
      <Filter>소스 파일\Unit 70</Filter>
    </ClCompile>
    <ClCompile Include="practice_file_write_string.c">
      <Filter>소스 파일\Unit 70</Filter>
    </ClCompile>
    <ClCompile Include="practice_file_read_format.c">
      <Filter>소스 파일\Unit 70</Filter>
    </ClCompile>
    <ClCompile Include="judge_file_write_format.c">
      <Filter>소스 파일\Unit 70</Filter>
    </ClCompile>
    <ClCompile Include="judge_file_read_string.c">
      <Filter>소스 파일\Unit 70</Filter>
    </ClCompile>
    <ClCompile Include="file_size.c">
      <Filter>소스 파일\Unit 71</Filter>
    </ClCompile>
    <ClCompile Include="read_entire_file.c">
      <Filter>소스 파일\Unit 71</Filter>
    </ClCompile>
    <ClCompile Include="read_partial_file.c">
      <Filter>소스 파일\Unit 71</Filter>
    </ClCompile>
    <ClCompile Include="write_partial_file.c">
      <Filter>소스 파일\Unit 71</Filter>
    </ClCompile>
    <ClCompile Include="read_entire_file_limited_buffer.c">
      <Filter>소스 파일\Unit 71</Filter>
    </ClCompile>
    <ClCompile Include="practice_read_entire_file.c">
      <Filter>소스 파일\Unit 71</Filter>
    </ClCompile>
    <ClCompile Include="practice_read_partial_file.c">
      <Filter>소스 파일\Unit 71</Filter>
    </ClCompile>
    <ClCompile Include="judge_read_entire_file.c">
      <Filter>소스 파일\Unit 71</Filter>
    </ClCompile>
    <ClCompile Include="judge_read_partial_file.c">
      <Filter>소스 파일\Unit 71</Filter>
    </ClCompile>
    <ClCompile Include="practice_text_file_copy.c">
      <Filter>소스 파일\Unit 71</Filter>
    </ClCompile>
    <ClCompile Include="judge_write_file_reverse.c">
      <Filter>소스 파일\Unit 71</Filter>
    </ClCompile>
    <ClCompile Include="file_write_struct_short.c">
      <Filter>소스 파일\Unit 72</Filter>
    </ClCompile>
    <ClCompile Include="file_write_struct.c">
      <Filter>소스 파일\Unit 72</Filter>
    </ClCompile>
    <ClCompile Include="file_read_struct.c">
      <Filter>소스 파일\Unit 72</Filter>
    </ClCompile>
    <ClCompile Include="practice_file_write_struct.c">
      <Filter>소스 파일\Unit 72</Filter>
    </ClCompile>
    <ClCompile Include="practice_file_read_struct.c">
      <Filter>소스 파일\Unit 72</Filter>
    </ClCompile>
    <ClCompile Include="judge_file_write_struct.c">
      <Filter>소스 파일\Unit 72</Filter>
    </ClCompile>
    <ClCompile Include="judge_file_read_struct.c">
      <Filter>소스 파일\Unit 72</Filter>
    </ClCompile>
    <ClCompile Include="conditional_compile.c">
      <Filter>소스 파일\Unit 76</Filter>
    </ClCompile>
    <ClCompile Include="conditional_compile_expression.c">
      <Filter>소스 파일\Unit 76</Filter>
    </ClCompile>
    <ClCompile Include="conditional_compile_logical_operator.c">
      <Filter>소스 파일\Unit 76</Filter>
    </ClCompile>
    <ClCompile Include="conditional_compile_elif_else.c">
      <Filter>소스 파일\Unit 76</Filter>
    </ClCompile>
    <ClCompile Include="conditional_compile_undefined.c">
      <Filter>소스 파일\Unit 76</Filter>
    </ClCompile>
    <ClCompile Include="include.c">
      <Filter>소스 파일\Unit 76</Filter>
    </ClCompile>
    <ClCompile Include="practice_conditional_compile.c">
      <Filter>소스 파일\Unit 76</Filter>
    </ClCompile>
    <ClCompile Include="practice_include.c">
      <Filter>소스 파일\Unit 76</Filter>
    </ClCompile>
    <ClCompile Include="judge_conditional_compile.c">
      <Filter>소스 파일\Unit 76</Filter>
    </ClCompile>
    <ClCompile Include="judge_include.c">
      <Filter>소스 파일\Unit 76</Filter>
    </ClCompile>
  </ItemGroup>
  <ItemGroup>
    <ClInclude Include="message.h">
      <Filter>헤더 파일</Filter>
    </ClInclude>
    <ClInclude Include="debug.h">
      <Filter>헤더 파일</Filter>
    </ClInclude>
    <ClInclude Include="platform.h">
      <Filter>헤더 파일</Filter>
    </ClInclude>
  </ItemGroup>
</Project>