<?xml version="1.0" encoding="utf-8"?>
<Project ToolsVersion="4.0" xmlns="http://schemas.microsoft.com/developer/msbuild/2003">
  <ItemGroup>
    <Filter Include="소스 파일">
      <UniqueIdentifier>{4FC737F1-C7A5-4376-A066-2A32D752A2FF}</UniqueIdentifier>
      <Extensions>cpp;c;cc;cxx;def;odl;idl;hpj;bat;asm;asmx</Extensions>
    </Filter>
    <Filter Include="헤더 파일">
      <UniqueIdentifier>{93995380-89BD-4b04-88EB-625FBE52EBFB}</UniqueIdentifier>
      <Extensions>h;hh;hpp;hxx;hm;inl;inc;xsd</Extensions>
    </Filter>
    <Filter Include="리소스 파일">
      <UniqueIdentifier>{67DA6AB6-F800-4c08-8B7A-83BB121AAD01}</UniqueIdentifier>
      <Extensions>rc;ico;cur;bmp;dlg;rc2;rct;bin;rgs;gif;jpg;jpeg;jpe;resx;tiff;tif;png;wav;mfcribbon-ms</Extensions>
    </Filter>
    <Filter Include="소스 파일\Unit 34">
      <UniqueIdentifier>{84470263-36b3-4d94-a4cf-129b72704a8b}</UniqueIdentifier>
    </Filter>
    <Filter Include="소스 파일\Unit 35">
      <UniqueIdentifier>{03be0a1c-9b3b-456e-ab76-9d41d82284af}</UniqueIdentifier>
    </Filter>
    <Filter Include="소스 파일\Unit 36">
      <UniqueIdentifier>{0c039916-9418-4ef9-9528-55181e8db2f8}</UniqueIdentifier>
    </Filter>
    <Filter Include="소스 파일\Unit 23">
      <UniqueIdentifier>{87e1b5d7-047d-4bc5-bc84-68b1247f6a71}</UniqueIdentifier>
    </Filter>
    <Filter Include="소스 파일\Unit 6">
      <UniqueIdentifier>{a957a217-e582-4eef-ad33-f84e259a6d39}</UniqueIdentifier>
    </Filter>
  </ItemGroup>
  <ItemGroup>
    <ClCompile Include="address.c">
      <Filter>소스 파일\Unit 34</Filter>
    </ClCompile>
    <ClCompile Include="pointer.c">
      <Filter>소스 파일\Unit 34</Filter>
    </ClCompile>
    <ClCompile Include="dereference.c">
      <Filter>소스 파일\Unit 34</Filter>
    </ClCompile>
    <ClCompile Include="dereference_assign.c">
      <Filter>소스 파일\Unit 34</Filter>
    </ClCompile>
    <ClCompile Include="pointer_type.c">
      <Filter>소스 파일\Unit 34</Filter>
    </ClCompile>
    <ClCompile Include="void_pointer.c">
      <Filter>소스 파일\Unit 34</Filter>
    </ClCompile>
    <ClCompile Include="double_pointer.c">
      <Filter>소스 파일\Unit 34</Filter>
    </ClCompile>
    <ClCompile Include="invalid_pointer.c">
      <Filter>소스 파일\Unit 34</Filter>
    </ClCompile>
    <ClCompile Include="practice_pointer.c">
      <Filter>소스 파일\Unit 34</Filter>
    </ClCompile>
    <ClCompile Include="judge_pointer.c">
      <Filter>소스 파일\Unit 34</Filter>
    </ClCompile>
    <ClCompile Include="memory_alloc.c">
      <Filter>소스 파일\Unit 35</Filter>
    </ClCompile>
    <ClCompile Include="memory_dereference.c">
      <Filter>소스 파일\Unit 35</Filter>
    </ClCompile>
    <ClCompile Include="memory_set.c">
      <Filter>소스 파일\Unit 35</Filter>
    </ClCompile>
    <ClCompile Include="null_pointer.c">
      <Filter>소스 파일\Unit 35</Filter>
    </ClCompile>
    <ClCompile Include="practice_memory_alloc.c">
      <Filter>소스 파일\Unit 35</Filter>
    </ClCompile>
    <ClCompile Include="judge_add_two_integer.c">
      <Filter>소스 파일\Unit 35</Filter>
    </ClCompile>
    <ClCompile Include="pointer_to_array.c">
      <Filter>소스 파일\Unit 36</Filter>
    </ClCompile>
    <ClCompile Include="practice_average_of_scores.c">
      <Filter>소스 파일\Unit 36</Filter>
    </ClCompile>
    <ClCompile Include="practice_convert_binary_to_decimal.c">
      <Filter>소스 파일\Unit 36</Filter>
    </ClCompile>
    <ClCompile Include="bitwise_and_or_xor_operator.c">
      <Filter>소스 파일\Unit 23</Filter>
    </ClCompile>
    <ClCompile Include="bitwise_not_operator.c">
      <Filter>소스 파일\Unit 23</Filter>
    </ClCompile>
    <ClCompile Include="bitwise_shift_operator.c">
      <Filter>소스 파일\Unit 23</Filter>
    </ClCompile>
    <ClCompile Include="bitwise_assgin.c">
      <Filter>소스 파일\Unit 23</Filter>
    </ClCompile>
    <ClCompile Include="practice_bitwise_logical_operator.c">
      <Filter>소스 파일\Unit 23</Filter>
    </ClCompile>
    <ClCompile Include="practice_bitwise_shift_operator.c">
      <Filter>소스 파일\Unit 23</Filter>
    </ClCompile>
    <ClCompile Include="bitwise_shift_overflow.c">
      <Filter>소스 파일\Unit 23</Filter>
    </ClCompile>
    <ClCompile Include="convert_decimal_binary.c">
      <Filter>소스 파일\Unit 36</Filter>
    </ClCompile>
    <ClCompile Include="judge_smallest_number.c">
      <Filter>소스 파일\Unit 36</Filter>
    </ClCompile>
    <ClCompile Include="judge_bitwise_logical_operator.c">
      <Filter>소스 파일\Unit 23</Filter>
    </ClCompile>
    <ClCompile Include="judge_bitwise_shift_operator.c">
      <Filter>소스 파일\Unit 23</Filter>
    </ClCompile>
    <ClCompile Include="bitwise_shift_power_of_two.c">
      <Filter>소스 파일\Unit 23</Filter>
    </ClCompile>
    <ClCompile Include="bitwise_right_shift_signed_unsigned.c">
      <Filter>소스 파일\Unit 23</Filter>
    </ClCompile>
    <ClCompile Include="bitwise_right_shift_signed.c">
      <Filter>소스 파일\Unit 23</Filter>
    </ClCompile>
    <ClCompile Include="bitwise_left_shift_signed.c">
      <Filter>소스 파일\Unit 23</Filter>
    </ClCompile>
    <ClCompile Include="bitwise_flag_on.c">
      <Filter>소스 파일\Unit 23</Filter>
    </ClCompile>
    <ClCompile Include="bitwise_flag_off.c">
      <Filter>소스 파일\Unit 23</Filter>
    </ClCompile>
    <ClCompile Include="bitwise_flag_toggle.c">
      <Filter>소스 파일\Unit 23</Filter>
    </ClCompile>
    <ClCompile Include="practice_bitwise_flag.c">
      <Filter>소스 파일\Unit 23</Filter>
    </ClCompile>
    <ClCompile Include="judge_bitwise_flag.c">
      <Filter>소스 파일\Unit 23</Filter>
    </ClCompile>
    <ClCompile Include="integer.c">
      <Filter>소스 파일\Unit 6</Filter>
    </ClCompile>
  </ItemGroup>
</Project>